
Microsoft Visual Studio Solution File, Format Version 12.00
# Visual Studio Version 17
VisualStudioVersion = 17.11.35327.3
MinimumVisualStudioVersion = 10.0.40219.1
Project("{888888A0-9F3D-457C-B088-3A5042F75D52}") = "Лабораторная работа №3", "Лабораторная работа №3\Лабораторная работа №3.pyproj", "{57E8F414-0A6B-4BEF-B87B-578391B278C0}"
EndProject
Global
	GlobalSection(SolutionConfigurationPlatforms) = preSolution
		Debug|Any CPU = Debug|Any CPU
		Release|Any CPU = Release|Any CPU
	EndGlobalSection
	GlobalSection(ProjectConfigurationPlatforms) = postSolution
		{57E8F414-0A6B-4BEF-B87B-578391B278C0}.Debug|Any CPU.ActiveCfg = Debug|Any CPU
		{57E8F414-0A6B-4BEF-B87B-578391B278C0}.Release|Any CPU.ActiveCfg = Release|Any CPU
	EndGlobalSection
	GlobalSection(SolutionProperties) = preSolution
		HideSolutionNode = FALSE
	EndGlobalSection
	GlobalSection(ExtensibilityGlobals) = postSolution
		SolutionGuid = {CB3A0561-B819-44F2-9620-405066B05BAB}
	EndGlobalSection
EndGlobal
